
Microsoft Visual Studio Solution File, Format Version 12.00
# Visual Studio Version 16
VisualStudioVersion = 16.0.31624.102
MinimumVisualStudioVersion = 10.0.40219.1
Project("{888888A0-9F3D-457C-B088-3A5042F75D52}") = "lab5Python", "lab5Python.pyproj", "{EE9ED7F0-80CF-423F-832C-85142A8AE5BD}"
EndProject
Global
	GlobalSection(SolutionConfigurationPlatforms) = preSolution
		Debug|Any CPU = Debug|Any CPU
		Release|Any CPU = Release|Any CPU
	EndGlobalSection
	GlobalSection(ProjectConfigurationPlatforms) = postSolution
		{EE9ED7F0-80CF-423F-832C-85142A8AE5BD}.Debug|Any CPU.ActiveCfg = Debug|Any CPU
		{EE9ED7F0-80CF-423F-832C-85142A8AE5BD}.Release|Any CPU.ActiveCfg = Release|Any CPU
	EndGlobalSection
	GlobalSection(SolutionProperties) = preSolution
		HideSolutionNode = FALSE
	EndGlobalSection
	GlobalSection(ExtensibilityGlobals) = postSolution
		SolutionGuid = {BFFCC1D5-97BD-4073-A7D8-94CAA7911EDE}
	EndGlobalSection
EndGlobal
