
Microsoft Visual Studio Solution File, Format Version 12.00
# Visual Studio Version 16
VisualStudioVersion = 16.0.31624.102
MinimumVisualStudioVersion = 10.0.40219.1
Project("{888888A0-9F3D-457C-B088-3A5042F75D52}") = "lab3Python", "lab3Python.pyproj", "{3F574CCB-418C-40D7-9A6D-C972AF66AE8B}"
EndProject
Global
	GlobalSection(SolutionConfigurationPlatforms) = preSolution
		Debug|Any CPU = Debug|Any CPU
		Release|Any CPU = Release|Any CPU
	EndGlobalSection
	GlobalSection(ProjectConfigurationPlatforms) = postSolution
		{3F574CCB-418C-40D7-9A6D-C972AF66AE8B}.Debug|Any CPU.ActiveCfg = Debug|Any CPU
		{3F574CCB-418C-40D7-9A6D-C972AF66AE8B}.Release|Any CPU.ActiveCfg = Release|Any CPU
	EndGlobalSection
	GlobalSection(SolutionProperties) = preSolution
		HideSolutionNode = FALSE
	EndGlobalSection
	GlobalSection(ExtensibilityGlobals) = postSolution
		SolutionGuid = {2191E5B0-CDB2-46C2-9FF0-0913FDF9CCF9}
	EndGlobalSection
EndGlobal
