
Microsoft Visual Studio Solution File, Format Version 12.00
# Visual Studio Version 16
VisualStudioVersion = 16.0.31624.102
MinimumVisualStudioVersion = 10.0.40219.1
Project("{888888A0-9F3D-457C-B088-3A5042F75D52}") = "lab6Python", "lab6Python.pyproj", "{9F6D29D9-D98B-4EAA-8184-70BEE98F5960}"
EndProject
Global
	GlobalSection(SolutionConfigurationPlatforms) = preSolution
		Debug|Any CPU = Debug|Any CPU
		Release|Any CPU = Release|Any CPU
	EndGlobalSection
	GlobalSection(ProjectConfigurationPlatforms) = postSolution
		{9F6D29D9-D98B-4EAA-8184-70BEE98F5960}.Debug|Any CPU.ActiveCfg = Debug|Any CPU
		{9F6D29D9-D98B-4EAA-8184-70BEE98F5960}.Release|Any CPU.ActiveCfg = Release|Any CPU
	EndGlobalSection
	GlobalSection(SolutionProperties) = preSolution
		HideSolutionNode = FALSE
	EndGlobalSection
	GlobalSection(ExtensibilityGlobals) = postSolution
		SolutionGuid = {3D8B5266-C630-49E1-9BEA-027B59DED055}
	EndGlobalSection
EndGlobal
